
Microsoft Visual Studio Solution File, Format Version 12.00
Project("{FAE04EC0-301F-11D3-BF4B-00C04F79EFBC}") = "CSharpCourses1", "CSharpCourses1\CSharpCourses1.csproj", "{F3E46DDC-E012-4D27-A369-DA0F5FA64D43}"
EndProject
Global
	GlobalSection(SolutionConfigurationPlatforms) = preSolution
		Debug|Any CPU = Debug|Any CPU
		Release|Any CPU = Release|Any CPU
	EndGlobalSection
	GlobalSection(ProjectConfigurationPlatforms) = postSolution
		{F3E46DDC-E012-4D27-A369-DA0F5FA64D43}.Debug|Any CPU.ActiveCfg = Debug|Any CPU
		{F3E46DDC-E012-4D27-A369-DA0F5FA64D43}.Debug|Any CPU.Build.0 = Debug|Any CPU
		{F3E46DDC-E012-4D27-A369-DA0F5FA64D43}.Release|Any CPU.ActiveCfg = Release|Any CPU
		{F3E46DDC-E012-4D27-A369-DA0F5FA64D43}.Release|Any CPU.Build.0 = Release|Any CPU
	EndGlobalSection
EndGlobal
